
Microsoft Visual Studio Solution File, Format Version 12.00
# Visual Studio Version 17
VisualStudioVersion = 17.0.31903.59
MinimumVisualStudioVersion = 10.0.40219.1
Project("{FAE04EC0-301F-11D3-BF4B-00C04F79EFBC}") = "ActivationInspector.Core", "ActivationInspector.Core\ActivationInspector.Core.csproj", "{EBAEA971-5DF0-4FCA-852F-6E15284F73D1}"
EndProject
Project("{FAE04EC0-301F-11D3-BF4B-00C04F79EFBC}") = "ActivationInspector.UI", "ActivationInspector.UI\ActivationInspector.UI.csproj", "{24C7EE09-66A9-4630-8647-3A52201040B3}"
EndProject
Project("{FAE04EC0-301F-11D3-BF4B-00C04F79EFBC}") = "ActivationInspector.Tests", "ActivationInspector.Tests\ActivationInspector.Tests.csproj", "{5755ED07-2DCE-489A-A57D-876C96FEAB2B}"
EndProject
Global
	GlobalSection(SolutionConfigurationPlatforms) = preSolution
		Debug|Any CPU = Debug|Any CPU
		Release|Any CPU = Release|Any CPU
	EndGlobalSection
	GlobalSection(SolutionProperties) = preSolution
		HideSolutionNode = FALSE
	EndGlobalSection
	GlobalSection(ProjectConfigurationPlatforms) = postSolution
		{24C7EE09-66A9-4630-8647-3A52201040B3}.Debug|Any CPU.ActiveCfg = Debug|Any CPU
		{24C7EE09-66A9-4630-8647-3A52201040B3}.Debug|Any CPU.Build.0 = Debug|Any CPU
		{24C7EE09-66A9-4630-8647-3A52201040B3}.Release|Any CPU.ActiveCfg = Release|Any CPU
		{24C7EE09-66A9-4630-8647-3A52201040B3}.Release|Any CPU.Build.0 = Release|Any CPU
		{EBAEA971-5DF0-4FCA-852F-6E15284F73D1}.Debug|Any CPU.ActiveCfg = Debug|Any CPU
		{EBAEA971-5DF0-4FCA-852F-6E15284F73D1}.Debug|Any CPU.Build.0 = Debug|Any CPU
		{EBAEA971-5DF0-4FCA-852F-6E15284F73D1}.Release|Any CPU.ActiveCfg = Release|Any CPU
		{EBAEA971-5DF0-4FCA-852F-6E15284F73D1}.Release|Any CPU.Build.0 = Release|Any CPU
		{5755ED07-2DCE-489A-A57D-876C96FEAB2B}.Debug|Any CPU.ActiveCfg = Debug|Any CPU
		{5755ED07-2DCE-489A-A57D-876C96FEAB2B}.Debug|Any CPU.Build.0 = Debug|Any CPU
		{5755ED07-2DCE-489A-A57D-876C96FEAB2B}.Release|Any CPU.ActiveCfg = Release|Any CPU
		{5755ED07-2DCE-489A-A57D-876C96FEAB2B}.Release|Any CPU.Build.0 = Release|Any CPU
	EndGlobalSection
EndGlobal
